// !$*UTF8*$!
{
	archiveVersion = 1;
	classes = {
	};
	objectVersion = 50;
	objects = {

/* Begin PBXBuildFile section */
		6D67840D266FEAB200AC464D /* AppDelegate.swift in Sources */ = {isa = PBXBuildFile; fileRef = 6D67840C266FEAB200AC464D /* AppDelegate.swift */; };
		6D67840F266FEAB200AC464D /* SceneDelegate.swift in Sources */ = {isa = PBXBuildFile; fileRef = 6D67840E266FEAB200AC464D /* SceneDelegate.swift */; };
		6D678411266FEAB200AC464D /* WeatherViewController.swift in Sources */ = {isa = PBXBuildFile; fileRef = 6D678410266FEAB200AC464D /* WeatherViewController.swift */; };
		6D678416266FEAB300AC464D /* Assets.xcassets in Resources */ = {isa = PBXBuildFile; fileRef = 6D678415266FEAB300AC464D /* Assets.xcassets */; };
		6D678419266FEAB300AC464D /* LaunchScreen.storyboard in Resources */ = {isa = PBXBuildFile; fileRef = 6D678417266FEAB300AC464D /* LaunchScreen.storyboard */; };
		6D678423266FEB3600AC464D /* Main.storyboard in Resources */ = {isa = PBXBuildFile; fileRef = 6D678421266FEB3600AC464D /* Main.storyboard */; };
		6D6784522672AC9800AC464D /* WeatherManager.swift in Sources */ = {isa = PBXBuildFile; fileRef = 6D6784512672AC9800AC464D /* WeatherManager.swift */; };
		6D6784542674CA3B00AC464D /* Weather Data.swift in Sources */ = {isa = PBXBuildFile; fileRef = 6D6784532674CA3B00AC464D /* Weather Data.swift */; };
		6D6784562675323900AC464D /* WeatherModel.swift in Sources */ = {isa = PBXBuildFile; fileRef = 6D6784552675323900AC464D /* WeatherModel.swift */; };
/* End PBXBuildFile section */

/* Begin PBXFileReference section */
		6D678409266FEAB200AC464D /* Weather.app */ = {isa = PBXFileReference; explicitFileType = wrapper.application; includeInIndex = 0; path = Weather.app; sourceTree = BUILT_PRODUCTS_DIR; };
		6D67840C266FEAB200AC464D /* AppDelegate.swift */ = {isa = PBXFileReference; lastKnownFileType = sourcecode.swift; path = AppDelegate.swift; sourceTree = "<group>"; };
		6D67840E266FEAB200AC464D /* SceneDelegate.swift */ = {isa = PBXFileReference; lastKnownFileType = sourcecode.swift; path = SceneDelegate.swift; sourceTree = "<group>"; };
		6D678410266FEAB200AC464D /* WeatherViewController.swift */ = {isa = PBXFileReference; lastKnownFileType = sourcecode.swift; path = WeatherViewController.swift; sourceTree = "<group>"; };
		6D678415266FEAB300AC464D /* Assets.xcassets */ = {isa = PBXFileReference; lastKnownFileType = folder.assetcatalog; path = Assets.xcassets; sourceTree = "<group>"; };
		6D678418266FEAB300AC464D /* Base */ = {isa = PBXFileReference; lastKnownFileType = file.storyboard; name = Base; path = Base.lproj/LaunchScreen.storyboard; sourceTree = "<group>"; };
		6D67841A266FEAB300AC464D /* Info.plist */ = {isa = PBXFileReference; lastKnownFileType = text.plist.xml; path = Info.plist; sourceTree = "<group>"; };
		6D678422266FEB3600AC464D /* Base */ = {isa = PBXFileReference; lastKnownFileType = file.storyboard; name = Base; path = Base.lproj/Main.storyboard; sourceTree = "<group>"; };
		6D6784512672AC9800AC464D /* WeatherManager.swift */ = {isa = PBXFileReference; lastKnownFileType = sourcecode.swift; path = WeatherManager.swift; sourceTree = "<group>"; };
		6D6784532674CA3B00AC464D /* Weather Data.swift */ = {isa = PBXFileReference; lastKnownFileType = sourcecode.swift; path = "Weather Data.swift"; sourceTree = "<group>"; };
		6D6784552675323900AC464D /* WeatherModel.swift */ = {isa = PBXFileReference; lastKnownFileType = sourcecode.swift; path = WeatherModel.swift; sourceTree = "<group>"; };
/* End PBXFileReference section */

/* Begin PBXFrameworksBuildPhase section */
		6D678406266FEAB200AC464D /* Frameworks */ = {
			isa = PBXFrameworksBuildPhase;
			buildActionMask = 2147483647;
			files = (
			);
			runOnlyForDeploymentPostprocessing = 0;
		};
/* End PBXFrameworksBuildPhase section */

/* Begin PBXGroup section */
		6D678400266FEAB200AC464D = {
			isa = PBXGroup;
			children = (
				6D67840B266FEAB200AC464D /* Weather */,
				6D67840A266FEAB200AC464D /* Products */,
			);
			sourceTree = "<group>";
		};
		6D67840A266FEAB200AC464D /* Products */ = {
			isa = PBXGroup;
			children = (
				6D678409266FEAB200AC464D /* Weather.app */,
			);
			name = Products;
			sourceTree = "<group>";
		};
		6D67840B266FEAB200AC464D /* Weather */ = {
			isa = PBXGroup;
			children = (
				6D67840C266FEAB200AC464D /* AppDelegate.swift */,
				6D67840E266FEAB200AC464D /* SceneDelegate.swift */,
				6D678425266FEB9400AC464D /* Model */,
				6D678420266FEB3600AC464D /* View */,
				6D678424266FEB7E00AC464D /* Controller */,
				6D678415266FEAB300AC464D /* Assets.xcassets */,
				6D678417266FEAB300AC464D /* LaunchScreen.storyboard */,
				6D67841A266FEAB300AC464D /* Info.plist */,
			);
			path = Weather;
			sourceTree = "<group>";
		};
		6D678420266FEB3600AC464D /* View */ = {
			isa = PBXGroup;
			children = (
				6D678421266FEB3600AC464D /* Main.storyboard */,
			);
			path = View;
			sourceTree = "<group>";
		};
		6D678424266FEB7E00AC464D /* Controller */ = {
			isa = PBXGroup;
			children = (
				6D678410266FEAB200AC464D /* WeatherViewController.swift */,
			);
			path = Controller;
			sourceTree = "<group>";
		};
		6D678425266FEB9400AC464D /* Model */ = {
			isa = PBXGroup;
			children = (
				6D6784512672AC9800AC464D /* WeatherManager.swift */,
				6D6784532674CA3B00AC464D /* Weather Data.swift */,
				6D6784552675323900AC464D /* WeatherModel.swift */,
			);
			path = Model;
			sourceTree = "<group>";
		};
/* End PBXGroup section */

/* Begin PBXNativeTarget section */
		6D678408266FEAB200AC464D /* Weather */ = {
			isa = PBXNativeTarget;
			buildConfigurationList = 6D67841D266FEAB300AC464D /* Build configuration list for PBXNativeTarget "Weather" */;
			buildPhases = (
				6D678405266FEAB200AC464D /* Sources */,
				6D678406266FEAB200AC464D /* Frameworks */,
				6D678407266FEAB200AC464D /* Resources */,
			);
			buildRules = (
			);
			dependencies = (
			);
			name = Weather;
			productName = Weather;
			productReference = 6D678409266FEAB200AC464D /* Weather.app */;
			productType = "com.apple.product-type.application";
		};
/* End PBXNativeTarget section */

/* Begin PBXProject section */
		6D678401266FEAB200AC464D /* Project object */ = {
			isa = PBXProject;
			attributes = {
				LastSwiftUpdateCheck = 1250;
				LastUpgradeCheck = 1250;
				TargetAttributes = {
					6D678408266FEAB200AC464D = {
						CreatedOnToolsVersion = 12.5;
					};
				};
			};
			buildConfigurationList = 6D678404266FEAB200AC464D /* Build configuration list for PBXProject "Weather" */;
			compatibilityVersion = "Xcode 9.3";
			developmentRegion = en;
			hasScannedForEncodings = 0;
			knownRegions = (
				en,
				Base,
			);
			mainGroup = 6D678400266FEAB200AC464D;
			productRefGroup = 6D67840A266FEAB200AC464D /* Products */;
			projectDirPath = "";
			projectRoot = "";
			targets = (
				6D678408266FEAB200AC464D /* Weather */,
			);
		};
/* End PBXProject section */

/* Begin PBXResourcesBuildPhase section */
		6D678407266FEAB200AC464D /* Resources */ = {
			isa = PBXResourcesBuildPhase;
			buildActionMask = 2147483647;
			files = (
				6D678423266FEB3600AC464D /* Main.storyboard in Resources */,
				6D678419266FEAB300AC464D /* LaunchScreen.storyboard in Resources */,
				6D678416266FEAB300AC464D /* Assets.xcassets in Resources */,
			);
			runOnlyForDeploymentPostprocessing = 0;
		};
/* End PBXResourcesBuildPhase section */

/* Begin PBXSourcesBuildPhase section */
		6D678405266FEAB200AC464D /* Sources */ = {
			isa = PBXSourcesBuildPhase;
			buildActionMask = 2147483647;
			files = (
				6D6784542674CA3B00AC464D /* Weather Data.swift in Sources */,
				6D678411266FEAB200AC464D /* WeatherViewController.swift in Sources */,
				6D67840D266FEAB200AC464D /* AppDelegate.swift in Sources */,
				6D6784522672AC9800AC464D /* WeatherManager.swift in Sources */,
				6D6784562675323900AC464D /* WeatherModel.swift in Sources */,
				6D67840F266FEAB200AC464D /* SceneDelegate.swift in Sources */,
			);
			runOnlyForDeploymentPostprocessing = 0;
		};
/* End PBXSourcesBuildPhase section */

/* Begin PBXVariantGroup section */
		6D678417266FEAB300AC464D /* LaunchScreen.storyboard */ = {
			isa = PBXVariantGroup;
			children = (
				6D678418266FEAB300AC464D /* Base */,
			);
			name = LaunchScreen.storyboard;
			sourceTree = "<group>";
		};
		6D678421266FEB3600AC464D /* Main.storyboard */ = {
			isa = PBXVariantGroup;
			children = (
				6D678422266FEB3600AC464D /* Base */,
			);
			name = Main.storyboard;
			sourceTree = "<group>";
		};
/* End PBXVariantGroup section */

/* Begin XCBuildConfiguration section */
		6D67841B266FEAB300AC464D /* Debug */ = {
			isa = XCBuildConfiguration;
			buildSettings = {
				ALWAYS_SEARCH_USER_PATHS = NO;
				CLANG_ANALYZER_NONNULL = YES;
				CLANG_ANALYZER_NUMBER_OBJECT_CONVERSION = YES_AGGRESSIVE;
				CLANG_CXX_LANGUAGE_STANDARD = "gnu++14";
				CLANG_CXX_LIBRARY = "libc++";
				CLANG_ENABLE_MODULES = YES;
				CLANG_ENABLE_OBJC_ARC = YES;
				CLANG_ENABLE_OBJC_WEAK = YES;
				CLANG_WARN_BLOCK_CAPTURE_AUTORELEASING = YES;
				CLANG_WARN_BOOL_CONVERSION = YES;
				CLANG_WARN_COMMA = YES;
				CLANG_WARN_CONSTANT_CONVERSION = YES;
				CLANG_WARN_DEPRECATED_OBJC_IMPLEMENTATIONS = YES;
				CLANG_WARN_DIRECT_OBJC_ISA_USAGE = YES_ERROR;
				CLANG_WARN_DOCUMENTATION_COMMENTS = YES;
				CLANG_WARN_EMPTY_BODY = YES;
				CLANG_WARN_ENUM_CONVERSION = YES;
				CLANG_WARN_INFINITE_RECURSION = YES;
				CLANG_WARN_INT_CONVERSION = YES;
				CLANG_WARN_NON_LITERAL_NULL_CONVERSION = YES;
				CLANG_WARN_OBJC_IMPLICIT_RETAIN_SELF = YES;
				CLANG_WARN_OBJC_LITERAL_CONVERSION = YES;
				CLANG_WARN_OBJC_ROOT_CLASS = YES_ERROR;
				CLANG_WARN_QUOTED_INCLUDE_IN_FRAMEWORK_HEADER = YES;
				CLANG_WARN_RANGE_LOOP_ANALYSIS = YES;
				CLANG_WARN_STRICT_PROTOTYPES = YES;
				CLANG_WARN_SUSPICIOUS_MOVE = YES;
				CLANG_WARN_UNGUARDED_AVAILABILITY = YES_AGGRESSIVE;
				CLANG_WARN_UNREACHABLE_CODE = YES;
				CLANG_WARN__DUPLICATE_METHOD_MATCH = YES;
				COPY_PHASE_STRIP = NO;
				DEBUG_INFORMATION_FORMAT = dwarf;
				ENABLE_STRICT_OBJC_MSGSEND = YES;
				ENABLE_TESTABILITY = YES;
				GCC_C_LANGUAGE_STANDARD = gnu11;
				GCC_DYNAMIC_NO_PIC = NO;
				GCC_NO_COMMON_BLOCKS = YES;
				GCC_OPTIMIZATION_LEVEL = 0;
				GCC_PREPROCESSOR_DEFINITIONS = (
					"DEBUG=1",
					"$(inherited)",
				);
				GCC_WARN_64_TO_32_BIT_CONVERSION = YES;
				GCC_WARN_ABOUT_RETURN_TYPE = YES_ERROR;
				GCC_WARN_UNDECLARED_SELECTOR = YES;
				GCC_WARN_UNINITIALIZED_AUTOS = YES_AGGRESSIVE;
				GCC_WARN_UNUSED_FUNCTION = YES;
				GCC_WARN_UNUSED_VARIABLE = YES;
				IPHONEOS_DEPLOYMENT_TARGET = 14.5;
				MTL_ENABLE_DEBUG_INFO = INCLUDE_SOURCE;
				MTL_FAST_MATH = YES;
				ONLY_ACTIVE_ARCH = YES;
				SDKROOT = iphoneos;
				SWIFT_ACTIVE_COMPILATION_CONDITIONS = DEBUG;
				SWIFT_OPTIMIZATION_LEVEL = "-Onone";
			};
			name = Debug;
		};
		6D67841C266FEAB300AC464D /* Release */ = {
			isa = XCBuildConfiguration;
			buildSettings = {
				ALWAYS_SEARCH_USER_PATHS = NO;
				CLANG_ANALYZER_NONNULL = YES;
				CLANG_ANALYZER_NUMBER_OBJECT_CONVERSION = YES_AGGRESSIVE;
				CLANG_CXX_LANGUAGE_STANDARD = "gnu++14";
				CLANG_CXX_LIBRARY = "libc++";
				CLANG_ENABLE_MODULES = YES;
				CLANG_ENABLE_OBJC_ARC = YES;
				CLANG_ENABLE_OBJC_WEAK = YES;
				CLANG_WARN_BLOCK_CAPTURE_AUTORELEASING = YES;
				CLANG_WARN_BOOL_CONVERSION = YES;
				CLANG_WARN_COMMA = YES;
				CLANG_WARN_CONSTANT_CONVERSION = YES;
				CLANG_WARN_DEPRECATED_OBJC_IMPLEMENTATIONS = YES;
				CLANG_WARN_DIRECT_OBJC_ISA_USAGE = YES_ERROR;
				CLANG_WARN_DOCUMENTATION_COMMENTS = YES;
				CLANG_WARN_EMPTY_BODY = YES;
				CLANG_WARN_ENUM_CONVERSION = YES;
				CLANG_WARN_INFINITE_RECURSION = YES;
				CLANG_WARN_INT_CONVERSION = YES;
				CLANG_WARN_NON_LITERAL_NULL_CONVERSION = YES;
				CLANG_WARN_OBJC_IMPLICIT_RETAIN_SELF = YES;
				CLANG_WARN_OBJC_LITERAL_CONVERSION = YES;
				CLANG_WARN_OBJC_ROOT_CLASS = YES_ERROR;
				CLANG_WARN_QUOTED_INCLUDE_IN_FRAMEWORK_HEADER = YES;
				CLANG_WARN_RANGE_LOOP_ANALYSIS = YES;
				CLANG_WARN_STRICT_PROTOTYPES = YES;
				CLANG_WARN_SUSPICIOUS_MOVE = YES;
				CLANG_WARN_UNGUARDED_AVAILABILITY = YES_AGGRESSIVE;
				CLANG_WARN_UNREACHABLE_CODE = YES;
				CLANG_WARN__DUPLICATE_METHOD_MATCH = YES;
				COPY_PHASE_STRIP = NO;
				DEBUG_INFORMATION_FORMAT = "dwarf-with-dsym";
				ENABLE_NS_ASSERTIONS = NO;
				ENABLE_STRICT_OBJC_MSGSEND = YES;
				GCC_C_LANGUAGE_STANDARD = gnu11;
				GCC_NO_COMMON_BLOCKS = YES;
				GCC_WARN_64_TO_32_BIT_CONVERSION = YES;
				GCC_WARN_ABOUT_RETURN_TYPE = YES_ERROR;
				GCC_WARN_UNDECLARED_SELECTOR = YES;
				GCC_WARN_UNINITIALIZED_AUTOS = YES_AGGRESSIVE;
				GCC_WARN_UNUSED_FUNCTION = YES;
				GCC_WARN_UNUSED_VARIABLE = YES;
				IPHONEOS_DEPLOYMENT_TARGET = 14.5;
				MTL_ENABLE_DEBUG_INFO = NO;
				MTL_FAST_MATH = YES;
				SDKROOT = iphoneos;
				SWIFT_COMPILATION_MODE = wholemodule;
				SWIFT_OPTIMIZATION_LEVEL = "-O";
				VALIDATE_PRODUCT = YES;
			};
			name = Release;
		};
		6D67841E266FEAB300AC464D /* Debug */ = {
			isa = XCBuildConfiguration;
			buildSettings = {
				ASSETCATALOG_COMPILER_APPICON_NAME = AppIcon;
				ASSETCATALOG_COMPILER_GLOBAL_ACCENT_COLOR_NAME = AccentColor;
				CODE_SIGN_STYLE = Automatic;
				DEVELOPMENT_TEAM = YMPFHSX9UB;
				INFOPLIST_FILE = Weather/Info.plist;
				IPHONEOS_DEPLOYMENT_TARGET = 14.5;
				LD_RUNPATH_SEARCH_PATHS = (
					"$(inherited)",
					"@executable_path/Frameworks",
				);
				PRODUCT_BUNDLE_IDENTIFIER = com.AleksFF.Weather;
				PRODUCT_NAME = "$(TARGET_NAME)";
				SWIFT_VERSION = 5.0;
				TARGETED_DEVICE_FAMILY = "1,2";
			};
			name = Debug;
		};
		6D67841F266FEAB300AC464D /* Release */ = {
			isa = XCBuildConfiguration;
			buildSettings = {
				ASSETCATALOG_COMPILER_APPICON_NAME = AppIcon;
				ASSETCATALOG_COMPILER_GLOBAL_ACCENT_COLOR_NAME = AccentColor;
				CODE_SIGN_STYLE = Automatic;
				DEVELOPMENT_TEAM = YMPFHSX9UB;
				INFOPLIST_FILE = Weather/Info.plist;
				IPHONEOS_DEPLOYMENT_TARGET = 14.5;
				LD_RUNPATH_SEARCH_PATHS = (
					"$(inherited)",
					"@executable_path/Frameworks",
				);
				PRODUCT_BUNDLE_IDENTIFIER = com.AleksFF.Weather;
				PRODUCT_NAME = "$(TARGET_NAME)";
				SWIFT_VERSION = 5.0;
				TARGETED_DEVICE_FAMILY = "1,2";
			};
			name = Release;
		};
/* End XCBuildConfiguration section */

/* Begin XCConfigurationList section */
		6D678404266FEAB200AC464D /* Build configuration list for PBXProject "Weather" */ = {
			isa = XCConfigurationList;
			buildConfigurations = (
				6D67841B266FEAB300AC464D /* Debug */,
				6D67841C266FEAB300AC464D /* Release */,
			);
			defaultConfigurationIsVisible = 0;
			defaultConfigurationName = Release;
		};
		6D67841D266FEAB300AC464D /* Build configuration list for PBXNativeTarget "Weather" */ = {
			isa = XCConfigurationList;
			buildConfigurations = (
				6D67841E266FEAB300AC464D /* Debug */,
				6D67841F266FEAB300AC464D /* Release */,
			);
			defaultConfigurationIsVisible = 0;
			defaultConfigurationName = Release;
		};
/* End XCConfigurationList section */
	};
	rootObject = 6D678401266FEAB200AC464D /* Project object */;
}
